Microsoft Visual Studio Solution File, Format Version 12.00
# Visual Studio 14
Project("{8BC9CEB8-8B4A-11D0-8D11-00A0C91BC942}") = "ALL_BUILD", "ALL_BUILD.vcxproj", "{73070D52-4BC4-3324-B915-532732454FFA}"
	ProjectSection(ProjectDependencies) = postProject
		{02DE3240-9FC6-340B-A145-07057CC2FB6E} = {02DE3240-9FC6-340B-A145-07057CC2FB6E}
		{E3795462-8073-3514-A32E-CA41595DA430} = {E3795462-8073-3514-A32E-CA41595DA430}
		{89374928-02CB-32E5-86FD-272DCF3846CA} = {89374928-02CB-32E5-86FD-272DCF3846CA}
		{15E7E399-146B-3867-BADA-E893BF3DD41A} = {15E7E399-146B-3867-BADA-E893BF3DD41A}
		{5A25C650-82EB-342D-B9C7-8DC2564C6C56} = {5A25C650-82EB-342D-B9C7-8DC2564C6C56}
		{C3EE2654-A40B-3F7E-8676-46B2AAB81BE1} = {C3EE2654-A40B-3F7E-8676-46B2AAB81BE1}
	EndProjectSection
EndProject
Project("{8BC9CEB8-8B4A-11D0-8D11-00A0C91BC942}") = "HUD", "Srcs\HUD\HUD.vcxproj", "{02DE3240-9FC6-340B-A145-07057CC2FB6E}"
	ProjectSection(ProjectDependencies) = postProject
		{E3795462-8073-3514-A32E-CA41595DA430} = {E3795462-8073-3514-A32E-CA41595DA430}
		{89374928-02CB-32E5-86FD-272DCF3846CA} = {89374928-02CB-32E5-86FD-272DCF3846CA}
		{5A25C650-82EB-342D-B9C7-8DC2564C6C56} = {5A25C650-82EB-342D-B9C7-8DC2564C6C56}
		{C3EE2654-A40B-3F7E-8676-46B2AAB81BE1} = {C3EE2654-A40B-3F7E-8676-46B2AAB81BE1}
	EndProjectSection
EndProject
Project("{8BC9CEB8-8B4A-11D0-8D11-00A0C91BC942}") = "ZERO_CHECK", "ZERO_CHECK.vcxproj", "{E3795462-8073-3514-A32E-CA41595DA430}"
	ProjectSection(ProjectDependencies) = postProject
	EndProjectSection
EndProject
Project("{8BC9CEB8-8B4A-11D0-8D11-00A0C91BC942}") = "avcparser", "Srcs\parser\avcparser\avcparser.vcxproj", "{D56513C2-6334-387C-98FE-2EAC01114970}"
	ProjectSection(ProjectDependencies) = postProject
		{FAA43266-7273-38EB-8EAB-4A36269B07D1} = {FAA43266-7273-38EB-8EAB-4A36269B07D1}
	EndProjectSection
EndProject
Project("{8BC9CEB8-8B4A-11D0-8D11-00A0C91BC942}") = "common", "Srcs\common\common.vcxproj", "{89374928-02CB-32E5-86FD-272DCF3846CA}"
	ProjectSection(ProjectDependencies) = postProject
		{D56513C2-6334-387C-98FE-2EAC01114970} = {D56513C2-6334-387C-98FE-2EAC01114970}
	EndProjectSection
EndProject
Project("{8BC9CEB8-8B4A-11D0-8D11-00A0C91BC942}") = "h265parser", "Srcs\parser\h265parser\h265parser.vcxproj", "{FAA43266-7273-38EB-8EAB-4A36269B07D1}"
	ProjectSection(ProjectDependencies) = postProject
		{E3795462-8073-3514-A32E-CA41595DA430} = {E3795462-8073-3514-A32E-CA41595DA430}
	EndProjectSection
EndProject
Project("{8BC9CEB8-8B4A-11D0-8D11-00A0C91BC942}") = "heifreader", "Srcs\reader\heifreader.vcxproj", "{15E7E399-146B-3867-BADA-E893BF3DD41A}"
	ProjectSection(ProjectDependencies) = postProject
		{E3795462-8073-3514-A32E-CA41595DA430} = {E3795462-8073-3514-A32E-CA41595DA430}
		{89374928-02CB-32E5-86FD-272DCF3846CA} = {89374928-02CB-32E5-86FD-272DCF3846CA}
	EndProjectSection
EndProject
Project("{8BC9CEB8-8B4A-11D0-8D11-00A0C91BC942}") = "heifwriter", "Srcs\writer\heifwriter.vcxproj", "{5A25C650-82EB-342D-B9C7-8DC2564C6C56}"
	ProjectSection(ProjectDependencies) = postProject
		{E3795462-8073-3514-A32E-CA41595DA430} = {E3795462-8073-3514-A32E-CA41595DA430}
		{89374928-02CB-32E5-86FD-272DCF3846CA} = {89374928-02CB-32E5-86FD-272DCF3846CA}
	EndProjectSection
EndProject
Project("{8BC9CEB8-8B4A-11D0-8D11-00A0C91BC942}") = "json", "Srcs\jsonlib\json.vcxproj", "{C3EE2654-A40B-3F7E-8676-46B2AAB81BE1}"
	ProjectSection(ProjectDependencies) = postProject
		{E3795462-8073-3514-A32E-CA41595DA430} = {E3795462-8073-3514-A32E-CA41595DA430}
	EndProjectSection
EndProject
Global
	GlobalSection(SolutionConfigurationPlatforms) = preSolution
		Debug|x64 = Debug|x64
		Release|x64 = Release|x64
		MinSizeRel|x64 = MinSizeRel|x64
		RelWithDebInfo|x64 = RelWithDebInfo|x64
	EndGlobalSection
	GlobalSection(ProjectConfigurationPlatforms) = postSolution
		{73070D52-4BC4-3324-B915-532732454FFA}.Debug|x64.ActiveCfg = Debug|x64
		{73070D52-4BC4-3324-B915-532732454FFA}.Release|x64.ActiveCfg = Release|x64
		{73070D52-4BC4-3324-B915-532732454FFA}.MinSizeRel|x64.ActiveCfg = MinSizeRel|x64
		{73070D52-4BC4-3324-B915-532732454FFA}.RelWithDebInfo|x64.ActiveCfg = RelWithDebInfo|x64
		{02DE3240-9FC6-340B-A145-07057CC2FB6E}.Debug|x64.ActiveCfg = Debug|x64
		{02DE3240-9FC6-340B-A145-07057CC2FB6E}.Debug|x64.Build.0 = Debug|x64
		{02DE3240-9FC6-340B-A145-07057CC2FB6E}.Release|x64.ActiveCfg = Release|x64
		{02DE3240-9FC6-340B-A145-07057CC2FB6E}.Release|x64.Build.0 = Release|x64
		{02DE3240-9FC6-340B-A145-07057CC2FB6E}.MinSizeRel|x64.ActiveCfg = MinSizeRel|x64
		{02DE3240-9FC6-340B-A145-07057CC2FB6E}.MinSizeRel|x64.Build.0 = MinSizeRel|x64
		{02DE3240-9FC6-340B-A145-07057CC2FB6E}.RelWithDebInfo|x64.ActiveCfg = RelWithDebInfo|x64
		{02DE3240-9FC6-340B-A145-07057CC2FB6E}.RelWithDebInfo|x64.Build.0 = RelWithDebInfo|x64
		{E3795462-8073-3514-A32E-CA41595DA430}.Debug|x64.ActiveCfg = Debug|x64
		{E3795462-8073-3514-A32E-CA41595DA430}.Debug|x64.Build.0 = Debug|x64
		{E3795462-8073-3514-A32E-CA41595DA430}.Release|x64.ActiveCfg = Release|x64
		{E3795462-8073-3514-A32E-CA41595DA430}.Release|x64.Build.0 = Release|x64
		{E3795462-8073-3514-A32E-CA41595DA430}.MinSizeRel|x64.ActiveCfg = MinSizeRel|x64
		{E3795462-8073-3514-A32E-CA41595DA430}.MinSizeRel|x64.Build.0 = MinSizeRel|x64
		{E3795462-8073-3514-A32E-CA41595DA430}.RelWithDebInfo|x64.ActiveCfg = RelWithDebInfo|x64
		{E3795462-8073-3514-A32E-CA41595DA430}.RelWithDebInfo|x64.Build.0 = RelWithDebInfo|x64
		{D56513C2-6334-387C-98FE-2EAC01114970}.Debug|x64.ActiveCfg = Debug|x64
		{D56513C2-6334-387C-98FE-2EAC01114970}.Debug|x64.Build.0 = Debug|x64
		{D56513C2-6334-387C-98FE-2EAC01114970}.Release|x64.ActiveCfg = Release|x64
		{D56513C2-6334-387C-98FE-2EAC01114970}.Release|x64.Build.0 = Release|x64
		{D56513C2-6334-387C-98FE-2EAC01114970}.MinSizeRel|x64.ActiveCfg = MinSizeRel|x64
		{D56513C2-6334-387C-98FE-2EAC01114970}.MinSizeRel|x64.Build.0 = MinSizeRel|x64
		{D56513C2-6334-387C-98FE-2EAC01114970}.RelWithDebInfo|x64.ActiveCfg = RelWithDebInfo|x64
		{D56513C2-6334-387C-98FE-2EAC01114970}.RelWithDebInfo|x64.Build.0 = RelWithDebInfo|x64
		{89374928-02CB-32E5-86FD-272DCF3846CA}.Debug|x64.ActiveCfg = Debug|x64
		{89374928-02CB-32E5-86FD-272DCF3846CA}.Debug|x64.Build.0 = Debug|x64
		{89374928-02CB-32E5-86FD-272DCF3846CA}.Release|x64.ActiveCfg = Release|x64
		{89374928-02CB-32E5-86FD-272DCF3846CA}.Release|x64.Build.0 = Release|x64
		{89374928-02CB-32E5-86FD-272DCF3846CA}.MinSizeRel|x64.ActiveCfg = MinSizeRel|x64
		{89374928-02CB-32E5-86FD-272DCF3846CA}.MinSizeRel|x64.Build.0 = MinSizeRel|x64
		{89374928-02CB-32E5-86FD-272DCF3846CA}.RelWithDebInfo|x64.ActiveCfg = RelWithDebInfo|x64
		{89374928-02CB-32E5-86FD-272DCF3846CA}.RelWithDebInfo|x64.Build.0 = RelWithDebInfo|x64
		{FAA43266-7273-38EB-8EAB-4A36269B07D1}.Debug|x64.ActiveCfg = Debug|x64
		{FAA43266-7273-38EB-8EAB-4A36269B07D1}.Debug|x64.Build.0 = Debug|x64
		{FAA43266-7273-38EB-8EAB-4A36269B07D1}.Release|x64.ActiveCfg = Release|x64
		{FAA43266-7273-38EB-8EAB-4A36269B07D1}.Release|x64.Build.0 = Release|x64
		{FAA43266-7273-38EB-8EAB-4A36269B07D1}.MinSizeRel|x64.ActiveCfg = MinSizeRel|x64
		{FAA43266-7273-38EB-8EAB-4A36269B07D1}.MinSizeRel|x64.Build.0 = MinSizeRel|x64
		{FAA43266-7273-38EB-8EAB-4A36269B07D1}.RelWithDebInfo|x64.ActiveCfg = RelWithDebInfo|x64
		{FAA43266-7273-38EB-8EAB-4A36269B07D1}.RelWithDebInfo|x64.Build.0 = RelWithDebInfo|x64
		{15E7E399-146B-3867-BADA-E893BF3DD41A}.Debug|x64.ActiveCfg = Debug|x64
		{15E7E399-146B-3867-BADA-E893BF3DD41A}.Debug|x64.Build.0 = Debug|x64
		{15E7E399-146B-3867-BADA-E893BF3DD41A}.Release|x64.ActiveCfg = Release|x64
		{15E7E399-146B-3867-BADA-E893BF3DD41A}.Release|x64.Build.0 = Release|x64
		{15E7E399-146B-3867-BADA-E893BF3DD41A}.MinSizeRel|x64.ActiveCfg = MinSizeRel|x64
		{15E7E399-146B-3867-BADA-E893BF3DD41A}.MinSizeRel|x64.Build.0 = MinSizeRel|x64
		{15E7E399-146B-3867-BADA-E893BF3DD41A}.RelWithDebInfo|x64.ActiveCfg = RelWithDebInfo|x64
		{15E7E399-146B-3867-BADA-E893BF3DD41A}.RelWithDebInfo|x64.Build.0 = RelWithDebInfo|x64
		{5A25C650-82EB-342D-B9C7-8DC2564C6C56}.Debug|x64.ActiveCfg = Debug|x64
		{5A25C650-82EB-342D-B9C7-8DC2564C6C56}.Debug|x64.Build.0 = Debug|x64
		{5A25C650-82EB-342D-B9C7-8DC2564C6C56}.Release|x64.ActiveCfg = Release|x64
		{5A25C650-82EB-342D-B9C7-8DC2564C6C56}.Release|x64.Build.0 = Release|x64
		{5A25C650-82EB-342D-B9C7-8DC2564C6C56}.MinSizeRel|x64.ActiveCfg = MinSizeRel|x64
		{5A25C650-82EB-342D-B9C7-8DC2564C6C56}.MinSizeRel|x64.Build.0 = MinSizeRel|x64
		{5A25C650-82EB-342D-B9C7-8DC2564C6C56}.RelWithDebInfo|x64.ActiveCfg = RelWithDebInfo|x64
		{5A25C650-82EB-342D-B9C7-8DC2564C6C56}.RelWithDebInfo|x64.Build.0 = RelWithDebInfo|x64
		{C3EE2654-A40B-3F7E-8676-46B2AAB81BE1}.Debug|x64.ActiveCfg = Debug|x64
		{C3EE2654-A40B-3F7E-8676-46B2AAB81BE1}.Debug|x64.Build.0 = Debug|x64
		{C3EE2654-A40B-3F7E-8676-46B2AAB81BE1}.Release|x64.ActiveCfg = Release|x64
		{C3EE2654-A40B-3F7E-8676-46B2AAB81BE1}.Release|x64.Build.0 = Release|x64
		{C3EE2654-A40B-3F7E-8676-46B2AAB81BE1}.MinSizeRel|x64.ActiveCfg = MinSizeRel|x64
		{C3EE2654-A40B-3F7E-8676-46B2AAB81BE1}.MinSizeRel|x64.Build.0 = MinSizeRel|x64
		{C3EE2654-A40B-3F7E-8676-46B2AAB81BE1}.RelWithDebInfo|x64.ActiveCfg = RelWithDebInfo|x64
		{C3EE2654-A40B-3F7E-8676-46B2AAB81BE1}.RelWithDebInfo|x64.Build.0 = RelWithDebInfo|x64
	EndGlobalSection
	GlobalSection(ExtensibilityGlobals) = postSolution
		SolutionGuid = {C84F18C5-7DFD-32F6-A7E9-2ABF7A556764}
	EndGlobalSection
	GlobalSection(ExtensibilityAddIns) = postSolution
	EndGlobalSection
EndGlobal
