Microsoft Visual Studio Solution File, Format Version 12.00
# Visual Studio 14
Project("{8BC9CEB8-8B4A-11D0-8D11-00A0C91BC942}") = "ALL_BUILD", "ALL_BUILD.vcxproj", "{83E3F006-F4EF-3D52-BCA8-FB14CD9DB6EA}"
	ProjectSection(ProjectDependencies) = postProject
		{AB1334EA-5EBD-35D2-B6F7-D08012171F8C} = {AB1334EA-5EBD-35D2-B6F7-D08012171F8C}
		{FE016373-DD27-3953-913A-F9469BFEE009} = {FE016373-DD27-3953-913A-F9469BFEE009}
		{009848BC-5FF8-361D-9443-6AE0928D5195} = {009848BC-5FF8-361D-9443-6AE0928D5195}
		{9FD22F21-92F2-387E-AEDF-0C650CBBEE88} = {9FD22F21-92F2-387E-AEDF-0C650CBBEE88}
		{A6938A59-836F-3BBD-8E7C-8708214C52BA} = {A6938A59-836F-3BBD-8E7C-8708214C52BA}
		{6A408215-95B3-3F14-B7CE-DC274C364885} = {6A408215-95B3-3F14-B7CE-DC274C364885}
	EndProjectSection
EndProject
Project("{8BC9CEB8-8B4A-11D0-8D11-00A0C91BC942}") = "HUD", "Srcs\HUD\HUD.vcxproj", "{AB1334EA-5EBD-35D2-B6F7-D08012171F8C}"
	ProjectSection(ProjectDependencies) = postProject
		{FE016373-DD27-3953-913A-F9469BFEE009} = {FE016373-DD27-3953-913A-F9469BFEE009}
		{009848BC-5FF8-361D-9443-6AE0928D5195} = {009848BC-5FF8-361D-9443-6AE0928D5195}
		{A6938A59-836F-3BBD-8E7C-8708214C52BA} = {A6938A59-836F-3BBD-8E7C-8708214C52BA}
		{6A408215-95B3-3F14-B7CE-DC274C364885} = {6A408215-95B3-3F14-B7CE-DC274C364885}
	EndProjectSection
EndProject
Project("{8BC9CEB8-8B4A-11D0-8D11-00A0C91BC942}") = "ZERO_CHECK", "ZERO_CHECK.vcxproj", "{FE016373-DD27-3953-913A-F9469BFEE009}"
	ProjectSection(ProjectDependencies) = postProject
	EndProjectSection
EndProject
Project("{8BC9CEB8-8B4A-11D0-8D11-00A0C91BC942}") = "avcparser", "Srcs\parser\avcparser\avcparser.vcxproj", "{A55AFBAB-6B3C-3EE9-865C-5D888C5C97F9}"
	ProjectSection(ProjectDependencies) = postProject
		{AF00577B-2AC2-3F57-B320-30D01E1C4DE4} = {AF00577B-2AC2-3F57-B320-30D01E1C4DE4}
	EndProjectSection
EndProject
Project("{8BC9CEB8-8B4A-11D0-8D11-00A0C91BC942}") = "common", "Srcs\common\common.vcxproj", "{009848BC-5FF8-361D-9443-6AE0928D5195}"
	ProjectSection(ProjectDependencies) = postProject
		{A55AFBAB-6B3C-3EE9-865C-5D888C5C97F9} = {A55AFBAB-6B3C-3EE9-865C-5D888C5C97F9}
	EndProjectSection
EndProject
Project("{8BC9CEB8-8B4A-11D0-8D11-00A0C91BC942}") = "h265parser", "Srcs\parser\h265parser\h265parser.vcxproj", "{AF00577B-2AC2-3F57-B320-30D01E1C4DE4}"
	ProjectSection(ProjectDependencies) = postProject
		{FE016373-DD27-3953-913A-F9469BFEE009} = {FE016373-DD27-3953-913A-F9469BFEE009}
	EndProjectSection
EndProject
Project("{8BC9CEB8-8B4A-11D0-8D11-00A0C91BC942}") = "heifreader", "Srcs\reader\heifreader.vcxproj", "{9FD22F21-92F2-387E-AEDF-0C650CBBEE88}"
	ProjectSection(ProjectDependencies) = postProject
		{FE016373-DD27-3953-913A-F9469BFEE009} = {FE016373-DD27-3953-913A-F9469BFEE009}
		{009848BC-5FF8-361D-9443-6AE0928D5195} = {009848BC-5FF8-361D-9443-6AE0928D5195}
	EndProjectSection
EndProject
Project("{8BC9CEB8-8B4A-11D0-8D11-00A0C91BC942}") = "heifwriter", "Srcs\writer\heifwriter.vcxproj", "{A6938A59-836F-3BBD-8E7C-8708214C52BA}"
	ProjectSection(ProjectDependencies) = postProject
		{FE016373-DD27-3953-913A-F9469BFEE009} = {FE016373-DD27-3953-913A-F9469BFEE009}
		{009848BC-5FF8-361D-9443-6AE0928D5195} = {009848BC-5FF8-361D-9443-6AE0928D5195}
	EndProjectSection
EndProject
Project("{8BC9CEB8-8B4A-11D0-8D11-00A0C91BC942}") = "json", "Srcs\jsonlib\json.vcxproj", "{6A408215-95B3-3F14-B7CE-DC274C364885}"
	ProjectSection(ProjectDependencies) = postProject
		{FE016373-DD27-3953-913A-F9469BFEE009} = {FE016373-DD27-3953-913A-F9469BFEE009}
	EndProjectSection
EndProject
Global
	GlobalSection(SolutionConfigurationPlatforms) = preSolution
		Debug|x64 = Debug|x64
		Release|x64 = Release|x64
		MinSizeRel|x64 = MinSizeRel|x64
		RelWithDebInfo|x64 = RelWithDebInfo|x64
	EndGlobalSection
	GlobalSection(ProjectConfigurationPlatforms) = postSolution
		{83E3F006-F4EF-3D52-BCA8-FB14CD9DB6EA}.Debug|x64.ActiveCfg = Debug|x64
		{83E3F006-F4EF-3D52-BCA8-FB14CD9DB6EA}.Release|x64.ActiveCfg = Release|x64
		{83E3F006-F4EF-3D52-BCA8-FB14CD9DB6EA}.MinSizeRel|x64.ActiveCfg = MinSizeRel|x64
		{83E3F006-F4EF-3D52-BCA8-FB14CD9DB6EA}.RelWithDebInfo|x64.ActiveCfg = RelWithDebInfo|x64
		{AB1334EA-5EBD-35D2-B6F7-D08012171F8C}.Debug|x64.ActiveCfg = Debug|x64
		{AB1334EA-5EBD-35D2-B6F7-D08012171F8C}.Debug|x64.Build.0 = Debug|x64
		{AB1334EA-5EBD-35D2-B6F7-D08012171F8C}.Release|x64.ActiveCfg = Release|x64
		{AB1334EA-5EBD-35D2-B6F7-D08012171F8C}.Release|x64.Build.0 = Release|x64
		{AB1334EA-5EBD-35D2-B6F7-D08012171F8C}.MinSizeRel|x64.ActiveCfg = MinSizeRel|x64
		{AB1334EA-5EBD-35D2-B6F7-D08012171F8C}.MinSizeRel|x64.Build.0 = MinSizeRel|x64
		{AB1334EA-5EBD-35D2-B6F7-D08012171F8C}.RelWithDebInfo|x64.ActiveCfg = RelWithDebInfo|x64
		{AB1334EA-5EBD-35D2-B6F7-D08012171F8C}.RelWithDebInfo|x64.Build.0 = RelWithDebInfo|x64
		{FE016373-DD27-3953-913A-F9469BFEE009}.Debug|x64.ActiveCfg = Debug|x64
		{FE016373-DD27-3953-913A-F9469BFEE009}.Debug|x64.Build.0 = Debug|x64
		{FE016373-DD27-3953-913A-F9469BFEE009}.Release|x64.ActiveCfg = Release|x64
		{FE016373-DD27-3953-913A-F9469BFEE009}.Release|x64.Build.0 = Release|x64
		{FE016373-DD27-3953-913A-F9469BFEE009}.MinSizeRel|x64.ActiveCfg = MinSizeRel|x64
		{FE016373-DD27-3953-913A-F9469BFEE009}.MinSizeRel|x64.Build.0 = MinSizeRel|x64
		{FE016373-DD27-3953-913A-F9469BFEE009}.RelWithDebInfo|x64.ActiveCfg = RelWithDebInfo|x64
		{FE016373-DD27-3953-913A-F9469BFEE009}.RelWithDebInfo|x64.Build.0 = RelWithDebInfo|x64
		{A55AFBAB-6B3C-3EE9-865C-5D888C5C97F9}.Debug|x64.ActiveCfg = Debug|x64
		{A55AFBAB-6B3C-3EE9-865C-5D888C5C97F9}.Debug|x64.Build.0 = Debug|x64
		{A55AFBAB-6B3C-3EE9-865C-5D888C5C97F9}.Release|x64.ActiveCfg = Release|x64
		{A55AFBAB-6B3C-3EE9-865C-5D888C5C97F9}.Release|x64.Build.0 = Release|x64
		{A55AFBAB-6B3C-3EE9-865C-5D888C5C97F9}.MinSizeRel|x64.ActiveCfg = MinSizeRel|x64
		{A55AFBAB-6B3C-3EE9-865C-5D888C5C97F9}.MinSizeRel|x64.Build.0 = MinSizeRel|x64
		{A55AFBAB-6B3C-3EE9-865C-5D888C5C97F9}.RelWithDebInfo|x64.ActiveCfg = RelWithDebInfo|x64
		{A55AFBAB-6B3C-3EE9-865C-5D888C5C97F9}.RelWithDebInfo|x64.Build.0 = RelWithDebInfo|x64
		{009848BC-5FF8-361D-9443-6AE0928D5195}.Debug|x64.ActiveCfg = Debug|x64
		{009848BC-5FF8-361D-9443-6AE0928D5195}.Debug|x64.Build.0 = Debug|x64
		{009848BC-5FF8-361D-9443-6AE0928D5195}.Release|x64.ActiveCfg = Release|x64
		{009848BC-5FF8-361D-9443-6AE0928D5195}.Release|x64.Build.0 = Release|x64
		{009848BC-5FF8-361D-9443-6AE0928D5195}.MinSizeRel|x64.ActiveCfg = MinSizeRel|x64
		{009848BC-5FF8-361D-9443-6AE0928D5195}.MinSizeRel|x64.Build.0 = MinSizeRel|x64
		{009848BC-5FF8-361D-9443-6AE0928D5195}.RelWithDebInfo|x64.ActiveCfg = RelWithDebInfo|x64
		{009848BC-5FF8-361D-9443-6AE0928D5195}.RelWithDebInfo|x64.Build.0 = RelWithDebInfo|x64
		{AF00577B-2AC2-3F57-B320-30D01E1C4DE4}.Debug|x64.ActiveCfg = Debug|x64
		{AF00577B-2AC2-3F57-B320-30D01E1C4DE4}.Debug|x64.Build.0 = Debug|x64
		{AF00577B-2AC2-3F57-B320-30D01E1C4DE4}.Release|x64.ActiveCfg = Release|x64
		{AF00577B-2AC2-3F57-B320-30D01E1C4DE4}.Release|x64.Build.0 = Release|x64
		{AF00577B-2AC2-3F57-B320-30D01E1C4DE4}.MinSizeRel|x64.ActiveCfg = MinSizeRel|x64
		{AF00577B-2AC2-3F57-B320-30D01E1C4DE4}.MinSizeRel|x64.Build.0 = MinSizeRel|x64
		{AF00577B-2AC2-3F57-B320-30D01E1C4DE4}.RelWithDebInfo|x64.ActiveCfg = RelWithDebInfo|x64
		{AF00577B-2AC2-3F57-B320-30D01E1C4DE4}.RelWithDebInfo|x64.Build.0 = RelWithDebInfo|x64
		{9FD22F21-92F2-387E-AEDF-0C650CBBEE88}.Debug|x64.ActiveCfg = Debug|x64
		{9FD22F21-92F2-387E-AEDF-0C650CBBEE88}.Debug|x64.Build.0 = Debug|x64
		{9FD22F21-92F2-387E-AEDF-0C650CBBEE88}.Release|x64.ActiveCfg = Release|x64
		{9FD22F21-92F2-387E-AEDF-0C650CBBEE88}.Release|x64.Build.0 = Release|x64
		{9FD22F21-92F2-387E-AEDF-0C650CBBEE88}.MinSizeRel|x64.ActiveCfg = MinSizeRel|x64
		{9FD22F21-92F2-387E-AEDF-0C650CBBEE88}.MinSizeRel|x64.Build.0 = MinSizeRel|x64
		{9FD22F21-92F2-387E-AEDF-0C650CBBEE88}.RelWithDebInfo|x64.ActiveCfg = RelWithDebInfo|x64
		{9FD22F21-92F2-387E-AEDF-0C650CBBEE88}.RelWithDebInfo|x64.Build.0 = RelWithDebInfo|x64
		{A6938A59-836F-3BBD-8E7C-8708214C52BA}.Debug|x64.ActiveCfg = Debug|x64
		{A6938A59-836F-3BBD-8E7C-8708214C52BA}.Debug|x64.Build.0 = Debug|x64
		{A6938A59-836F-3BBD-8E7C-8708214C52BA}.Release|x64.ActiveCfg = Release|x64
		{A6938A59-836F-3BBD-8E7C-8708214C52BA}.Release|x64.Build.0 = Release|x64
		{A6938A59-836F-3BBD-8E7C-8708214C52BA}.MinSizeRel|x64.ActiveCfg = MinSizeRel|x64
		{A6938A59-836F-3BBD-8E7C-8708214C52BA}.MinSizeRel|x64.Build.0 = MinSizeRel|x64
		{A6938A59-836F-3BBD-8E7C-8708214C52BA}.RelWithDebInfo|x64.ActiveCfg = RelWithDebInfo|x64
		{A6938A59-836F-3BBD-8E7C-8708214C52BA}.RelWithDebInfo|x64.Build.0 = RelWithDebInfo|x64
		{6A408215-95B3-3F14-B7CE-DC274C364885}.Debug|x64.ActiveCfg = Debug|x64
		{6A408215-95B3-3F14-B7CE-DC274C364885}.Debug|x64.Build.0 = Debug|x64
		{6A408215-95B3-3F14-B7CE-DC274C364885}.Release|x64.ActiveCfg = Release|x64
		{6A408215-95B3-3F14-B7CE-DC274C364885}.Release|x64.Build.0 = Release|x64
		{6A408215-95B3-3F14-B7CE-DC274C364885}.MinSizeRel|x64.ActiveCfg = MinSizeRel|x64
		{6A408215-95B3-3F14-B7CE-DC274C364885}.MinSizeRel|x64.Build.0 = MinSizeRel|x64
		{6A408215-95B3-3F14-B7CE-DC274C364885}.RelWithDebInfo|x64.ActiveCfg = RelWithDebInfo|x64
		{6A408215-95B3-3F14-B7CE-DC274C364885}.RelWithDebInfo|x64.Build.0 = RelWithDebInfo|x64
	EndGlobalSection
	GlobalSection(ExtensibilityGlobals) = postSolution
		SolutionGuid = {39F36A13-31B8-3D50-BCEB-DD13E5F0A2FA}
	EndGlobalSection
	GlobalSection(ExtensibilityAddIns) = postSolution
	EndGlobalSection
EndGlobal
