<?xml version="1.0" encoding="UTF-8"?>
<Project ToolsVersion="14.0" xmlns="http://schemas.microsoft.com/developer/msbuild/2003">
  <ItemGroup>
    <CustomBuild Include="C:\Users\liuzi\Documents\GitHub\HEIF-Utility-Native-DLL\MSVC\CMakeFiles\426449d1b92280c76756deaefff5dee5\generate.stamp.rule">
      <Filter>CMake Rules</Filter>
    </CustomBuild>
  </ItemGroup>
  <ItemGroup>
    <Filter Include="CMake Rules">
      <UniqueIdentifier>{9D02096D-9157-3896-B232-1BFEE115F399}</UniqueIdentifier>
    </Filter>
  </ItemGroup>
</Project>
