<?xml version="1.0" encoding="UTF-8"?>
<Project ToolsVersion="14.0" xmlns="http://schemas.microsoft.com/developer/msbuild/2003">
  <ItemGroup>
    <ClCompile Include="C:\Users\liuzi\Documents\GitHub\HEIF-Utility-Native-DLL\Srcs\writer\auxiliaryimagewriter.cpp">
      <Filter>Source Files</Filter>
    </ClCompile>
    <ClCompile Include="C:\Users\liuzi\Documents\GitHub\HEIF-Utility-Native-DLL\Srcs\writer\context.cpp">
      <Filter>Source Files</Filter>
    </ClCompile>
    <ClCompile Include="C:\Users\liuzi\Documents\GitHub\HEIF-Utility-Native-DLL\Srcs\writer\datastore.cpp">
      <Filter>Source Files</Filter>
    </ClCompile>
    <ClCompile Include="C:\Users\liuzi\Documents\GitHub\HEIF-Utility-Native-DLL\Srcs\writer\deriveditemmediawriter.cpp">
      <Filter>Source Files</Filter>
    </ClCompile>
    <ClCompile Include="C:\Users\liuzi\Documents\GitHub\HEIF-Utility-Native-DLL\Srcs\writer\editwriter.cpp">
      <Filter>Source Files</Filter>
    </ClCompile>
    <ClCompile Include="C:\Users\liuzi\Documents\GitHub\HEIF-Utility-Native-DLL\Srcs\writer\entitygroupwriter.cpp">
      <Filter>Source Files</Filter>
    </ClCompile>
    <ClCompile Include="C:\Users\liuzi\Documents\GitHub\HEIF-Utility-Native-DLL\Srcs\writer\filemaker.cpp">
      <Filter>Source Files</Filter>
    </ClCompile>
    <ClCompile Include="C:\Users\liuzi\Documents\GitHub\HEIF-Utility-Native-DLL\Srcs\writer\filewriter.cpp">
      <Filter>Source Files</Filter>
    </ClCompile>
    <ClCompile Include="C:\Users\liuzi\Documents\GitHub\HEIF-Utility-Native-DLL\Srcs\writer\ftypwriter.cpp">
      <Filter>Source Files</Filter>
    </ClCompile>
    <ClCompile Include="C:\Users\liuzi\Documents\GitHub\HEIF-Utility-Native-DLL\Srcs\writer\imagemasterwriter.cpp">
      <Filter>Source Files</Filter>
    </ClCompile>
    <ClCompile Include="C:\Users\liuzi\Documents\GitHub\HEIF-Utility-Native-DLL\Srcs\writer\imagemediawriter.cpp">
      <Filter>Source Files</Filter>
    </ClCompile>
    <ClCompile Include="C:\Users\liuzi\Documents\GitHub\HEIF-Utility-Native-DLL\Srcs\writer\imagethumbswriter.cpp">
      <Filter>Source Files</Filter>
    </ClCompile>
    <ClCompile Include="C:\Users\liuzi\Documents\GitHub\HEIF-Utility-Native-DLL\Srcs\writer\layerimagewriter.cpp">
      <Filter>Source Files</Filter>
    </ClCompile>
    <ClCompile Include="C:\Users\liuzi\Documents\GitHub\HEIF-Utility-Native-DLL\Srcs\writer\metaboxwriter.cpp">
      <Filter>Source Files</Filter>
    </ClCompile>
    <ClCompile Include="C:\Users\liuzi\Documents\GitHub\HEIF-Utility-Native-DLL\Srcs\writer\metadatamediawriter.cpp">
      <Filter>Source Files</Filter>
    </ClCompile>
    <ClCompile Include="C:\Users\liuzi\Documents\GitHub\HEIF-Utility-Native-DLL\Srcs\writer\metadatawriter.cpp">
      <Filter>Source Files</Filter>
    </ClCompile>
    <ClCompile Include="C:\Users\liuzi\Documents\GitHub\HEIF-Utility-Native-DLL\Srcs\writer\metaderivedimagewriter.cpp">
      <Filter>Source Files</Filter>
    </ClCompile>
    <ClCompile Include="C:\Users\liuzi\Documents\GitHub\HEIF-Utility-Native-DLL\Srcs\writer\metapropertywriter.cpp">
      <Filter>Source Files</Filter>
    </ClCompile>
    <ClCompile Include="C:\Users\liuzi\Documents\GitHub\HEIF-Utility-Native-DLL\Srcs\writer\metawriter.cpp">
      <Filter>Source Files</Filter>
    </ClCompile>
    <ClCompile Include="C:\Users\liuzi\Documents\GitHub\HEIF-Utility-Native-DLL\Srcs\writer\moovwriter.cpp">
      <Filter>Source Files</Filter>
    </ClCompile>
    <ClCompile Include="C:\Users\liuzi\Documents\GitHub\HEIF-Utility-Native-DLL\Srcs\writer\primaryitemwriter.cpp">
      <Filter>Source Files</Filter>
    </ClCompile>
    <ClCompile Include="C:\Users\liuzi\Documents\GitHub\HEIF-Utility-Native-DLL\Srcs\writer\refsgroup.cpp">
      <Filter>Source Files</Filter>
    </ClCompile>
    <ClCompile Include="C:\Users\liuzi\Documents\GitHub\HEIF-Utility-Native-DLL\Srcs\writer\rootmetaimagewriter.cpp">
      <Filter>Source Files</Filter>
    </ClCompile>
    <ClCompile Include="C:\Users\liuzi\Documents\GitHub\HEIF-Utility-Native-DLL\Srcs\writer\samplegroup.cpp">
      <Filter>Source Files</Filter>
    </ClCompile>
    <ClCompile Include="C:\Users\liuzi\Documents\GitHub\HEIF-Utility-Native-DLL\Srcs\writer\services.cpp">
      <Filter>Source Files</Filter>
    </ClCompile>
    <ClCompile Include="C:\Users\liuzi\Documents\GitHub\HEIF-Utility-Native-DLL\Srcs\writer\timeutility.cpp">
      <Filter>Source Files</Filter>
    </ClCompile>
    <ClCompile Include="C:\Users\liuzi\Documents\GitHub\HEIF-Utility-Native-DLL\Srcs\writer\timewriter.cpp">
      <Filter>Source Files</Filter>
    </ClCompile>
    <ClCompile Include="C:\Users\liuzi\Documents\GitHub\HEIF-Utility-Native-DLL\Srcs\writer\trackaltrepwriter.cpp">
      <Filter>Source Files</Filter>
    </ClCompile>
    <ClCompile Include="C:\Users\liuzi\Documents\GitHub\HEIF-Utility-Native-DLL\Srcs\writer\trackmasterwriter.cpp">
      <Filter>Source Files</Filter>
    </ClCompile>
    <ClCompile Include="C:\Users\liuzi\Documents\GitHub\HEIF-Utility-Native-DLL\Srcs\writer\trackthumbswriter.cpp">
      <Filter>Source Files</Filter>
    </ClCompile>
    <ClCompile Include="C:\Users\liuzi\Documents\GitHub\HEIF-Utility-Native-DLL\Srcs\writer\trackwriter.cpp">
      <Filter>Source Files</Filter>
    </ClCompile>
    <ClCompile Include="C:\Users\liuzi\Documents\GitHub\HEIF-Utility-Native-DLL\Srcs\writer\trefwriter.cpp">
      <Filter>Source Files</Filter>
    </ClCompile>
  </ItemGroup>
  <ItemGroup>
    <CustomBuild Include="C:\Users\liuzi\Documents\GitHub\HEIF-Utility-Native-DLL\Srcs\writer\CMakeLists.txt" />
  </ItemGroup>
  <ItemGroup>
    <Filter Include="Source Files">
      <UniqueIdentifier>{432E8E60-90D2-371D-8E53-86EE1AA4ED51}</UniqueIdentifier>
    </Filter>
  </ItemGroup>
</Project>
